
Microsoft Visual Studio Solution File, Format Version 12.00
# Visual Studio 2013
VisualStudioVersion = 12.0.21005.1
MinimumVisualStudioVersion = 10.0.40219.1
Project("{FAE04EC0-301F-11D3-BF4B-00C04F79EFBC}") = "FinancialFilesMergingPortal", "FinancialFilesMergingPortal\FinancialFilesMergingPortal.csproj", "{4E015FAA-E572-4F2E-BDBB-ABBA25FE9DC4}"
EndProject
Project("{FAE04EC0-301F-11D3-BF4B-00C04F79EFBC}") = "FinancialFilesMergingPortal.Services", "FinancialFilesMergingPortal.Services\FinancialFilesMergingPortal.Services.csproj", "{94BC8DCF-ACB1-4BC4-9197-C3F9372AFA4A}"
EndProject
Global
	GlobalSection(SolutionConfigurationPlatforms) = preSolution
		Debug|Any CPU = Debug|Any CPU
		Release|Any CPU = Release|Any CPU
	EndGlobalSection
	GlobalSection(ProjectConfigurationPlatforms) = postSolution
		{4E015FAA-E572-4F2E-BDBB-ABBA25FE9DC4}.Debug|Any CPU.ActiveCfg = Debug|Any CPU
		{4E015FAA-E572-4F2E-BDBB-ABBA25FE9DC4}.Debug|Any CPU.Build.0 = Debug|Any CPU
		{4E015FAA-E572-4F2E-BDBB-ABBA25FE9DC4}.Release|Any CPU.ActiveCfg = Release|Any CPU
		{4E015FAA-E572-4F2E-BDBB-ABBA25FE9DC4}.Release|Any CPU.Build.0 = Release|Any CPU
		{94BC8DCF-ACB1-4BC4-9197-C3F9372AFA4A}.Debug|Any CPU.ActiveCfg = Debug|Any CPU
		{94BC8DCF-ACB1-4BC4-9197-C3F9372AFA4A}.Debug|Any CPU.Build.0 = Debug|Any CPU
		{94BC8DCF-ACB1-4BC4-9197-C3F9372AFA4A}.Release|Any CPU.ActiveCfg = Release|Any CPU
		{94BC8DCF-ACB1-4BC4-9197-C3F9372AFA4A}.Release|Any CPU.Build.0 = Release|Any CPU
	EndGlobalSection
	GlobalSection(SolutionProperties) = preSolution
		HideSolutionNode = FALSE
	EndGlobalSection
EndGlobal
